
Microsoft Visual Studio Solution File, Format Version 12.00
# Visual Studio Version 17
VisualStudioVersion = 17.1.32210.238
MinimumVisualStudioVersion = 10.0.40219.1
Project("{FAE04EC0-301F-11D3-BF4B-00C04F79EFBC}") = "AuthenticationJwtExample", "AuthenticationJwtExample.csproj", "{032B639C-FC7C-4227-8A80-0B7B0683523E}"
EndProject
Global
	GlobalSection(SolutionConfigurationPlatforms) = preSolution
		Debug|Any CPU = Debug|Any CPU
		Release|Any CPU = Release|Any CPU
	EndGlobalSection
	GlobalSection(ProjectConfigurationPlatforms) = postSolution
		{032B639C-FC7C-4227-8A80-0B7B0683523E}.Debug|Any CPU.ActiveCfg = Debug|Any CPU
		{032B639C-FC7C-4227-8A80-0B7B0683523E}.Debug|Any CPU.Build.0 = Debug|Any CPU
		{032B639C-FC7C-4227-8A80-0B7B0683523E}.Release|Any CPU.ActiveCfg = Release|Any CPU
		{032B639C-FC7C-4227-8A80-0B7B0683523E}.Release|Any CPU.Build.0 = Release|Any CPU
	EndGlobalSection
	GlobalSection(SolutionProperties) = preSolution
		HideSolutionNode = FALSE
	EndGlobalSection
	GlobalSection(ExtensibilityGlobals) = postSolution
		SolutionGuid = {6C30A086-34A0-44F5-91B3-4FA214F6F914}
	EndGlobalSection
EndGlobal
